{
    "_readme": [
        "This file locks the dependencies of your project to a known state",
        "Read more about it at https://getcomposer.org/doc/01-basic-usage.md#installing-dependencies",
        "This file is @generated automatically"
    ],
    "content-hash": "140ba5dc54bed69fa2089074ed218ef8",
    "packages": [
        {
            "name": "phpnomad/array-json-config",
            "version": "1.0.0",
            "source": {
                "type": "git",
                "url": "https://github.com/phpnomad/array-json-config.git",
                "reference": "e9397b42f20207c1be8114d2f12c33aa3d46ed98"
            },
            "dist": {
                "type": "zip",
                "url": "https://api.github.com/repos/phpnomad/array-json-config/zipball/e9397b42f20207c1be8114d2f12c33aa3d46ed98",
                "reference": "e9397b42f20207c1be8114d2f12c33aa3d46ed98",
                "shasum": ""
            },
            "require-dev": {
                "phpnomad/tests": "^0.1.0"
            },
            "type": "library",
            "autoload": {
                "psr-4": {
                    "PHPNomad\\ArrayJsonConfig\\": "lib/"
                }
            },
            "notification-url": "https://packagist.org/downloads/",
            "license": [
                "MIT"
            ],
            "authors": [
                {
                    "name": "Alex Standiford",
                    "email": "alex@standiford.us"
                }
            ],
            "homepage": "https://github.com/phoenix/core",
            "support": {
                "issues": "https://github.com/phpnomad/array-json-config/issues",
                "source": "https://github.com/phpnomad/array-json-config/tree/1.0.0"
            },
            "time": "2024-12-18T16:55:11+00:00"
        },
        {
            "name": "phpnomad/config",
            "version": "1.0.0",
            "source": {
                "type": "git",
                "url": "https://github.com/phpnomad/config.git",
                "reference": "b37d3c7d34932405d93c70992a3119eeb5163227"
            },
            "dist": {
                "type": "zip",
                "url": "https://api.github.com/repos/phpnomad/config/zipball/b37d3c7d34932405d93c70992a3119eeb5163227",
                "reference": "b37d3c7d34932405d93c70992a3119eeb5163227",
                "shasum": ""
            },
            "require-dev": {
                "phpnomad/tests": "^0.1.0"
            },
            "type": "library",
            "autoload": {
                "psr-4": {
                    "PHPNomad\\Config\\": "lib/"
                }
            },
            "notification-url": "https://packagist.org/downloads/",
            "license": [
                "MIT"
            ],
            "authors": [
                {
                    "name": "Alex Standiford",
                    "email": "alex@standiford.us"
                }
            ],
            "homepage": "https://github.com/phpnomad/core",
            "support": {
                "issues": "https://github.com/phpnomad/config/issues",
                "source": "https://github.com/phpnomad/config/tree/1.0.0"
            },
            "time": "2024-12-18T17:05:16+00:00"
        },
        {
            "name": "phpnomad/di",
            "version": "1.0.0",
            "source": {
                "type": "git",
                "url": "https://github.com/phpnomad/di.git",
                "reference": "e1719564d580062ae5369b364ab1c8fd3acb2e53"
            },
            "dist": {
                "type": "zip",
                "url": "https://api.github.com/repos/phpnomad/di/zipball/e1719564d580062ae5369b364ab1c8fd3acb2e53",
                "reference": "e1719564d580062ae5369b364ab1c8fd3acb2e53",
                "shasum": ""
            },
            "require": {
                "phpnomad/utils": "^1.0"
            },
            "require-dev": {
                "phpnomad/tests": "^0.1.0"
            },
            "type": "library",
            "autoload": {
                "psr-4": {
                    "PHPNomad\\Di\\": "lib/"
                }
            },
            "notification-url": "https://packagist.org/downloads/",
            "license": [
                "MIT"
            ],
            "authors": [
                {
                    "name": "Alex Standiford",
                    "email": "alex@standiford.us"
                }
            ],
            "homepage": "https://github.com/phpnomad/core",
            "support": {
                "issues": "https://github.com/phpnomad/di/issues",
                "source": "https://github.com/phpnomad/di/tree/1.0.0"
            },
            "time": "2024-12-18T17:09:23+00:00"
        },
        {
            "name": "phpnomad/event",
            "version": "1.0.0",
            "source": {
                "type": "git",
                "url": "https://github.com/phpnomad/event.git",
                "reference": "c2f8f4c19bfd017086dbffb0510e20b06d7fa533"
            },
            "dist": {
                "type": "zip",
                "url": "https://api.github.com/repos/phpnomad/event/zipball/c2f8f4c19bfd017086dbffb0510e20b06d7fa533",
                "reference": "c2f8f4c19bfd017086dbffb0510e20b06d7fa533",
                "shasum": ""
            },
            "require-dev": {
                "phpnomad/tests": "^0.1.0"
            },
            "type": "library",
            "autoload": {
                "psr-4": {
                    "PHPNomad\\Events\\": "lib/"
                }
            },
            "notification-url": "https://packagist.org/downloads/",
            "license": [
                "MIT"
            ],
            "authors": [
                {
                    "name": "Alex Standiford",
                    "email": "alex@standiford.us"
                }
            ],
            "homepage": "https://github.com/phpnomad/core",
            "support": {
                "issues": "https://github.com/phpnomad/event/issues",
                "source": "https://github.com/phpnomad/event/tree/1.0.0"
            },
            "time": "2024-12-18T17:10:47+00:00"
        },
        {
            "name": "phpnomad/facade",
            "version": "1.0.0",
            "source": {
                "type": "git",
                "url": "https://github.com/phpnomad/facade.git",
                "reference": "225c9a743d7f57410a78d8923a086bda1b6aa2fa"
            },
            "dist": {
                "type": "zip",
                "url": "https://api.github.com/repos/phpnomad/facade/zipball/225c9a743d7f57410a78d8923a086bda1b6aa2fa",
                "reference": "225c9a743d7f57410a78d8923a086bda1b6aa2fa",
                "shasum": ""
            },
            "require-dev": {
                "phpnomad/di": "^1.0",
                "phpnomad/logger": "^1.0",
                "phpnomad/tests": "^0.1.0"
            },
            "type": "library",
            "autoload": {
                "psr-4": {
                    "PHPNomad\\Facade\\": "lib/"
                }
            },
            "notification-url": "https://packagist.org/downloads/",
            "license": [
                "MIT"
            ],
            "authors": [
                {
                    "name": "Alex Standiford",
                    "email": "alex@standiford.us"
                }
            ],
            "homepage": "https://github.com/phpnomad/core",
            "support": {
                "issues": "https://github.com/phpnomad/facade/issues",
                "source": "https://github.com/phpnomad/facade/tree/1.0.0"
            },
            "time": "2024-12-18T17:11:21+00:00"
        },
        {
            "name": "phpnomad/loader",
            "version": "1.0.0",
            "source": {
                "type": "git",
                "url": "https://github.com/phpnomad/loader.git",
                "reference": "b1115725794795997bd1e5384e811fc689be2940"
            },
            "dist": {
                "type": "zip",
                "url": "https://api.github.com/repos/phpnomad/loader/zipball/b1115725794795997bd1e5384e811fc689be2940",
                "reference": "b1115725794795997bd1e5384e811fc689be2940",
                "shasum": ""
            },
            "require": {
                "phpnomad/di": "^1.0",
                "phpnomad/facade": "^1.0",
                "phpnomad/mutator": "^1.0",
                "phpnomad/update": "^1.0",
                "phpnomad/utils": "^1.0"
            },
            "require-dev": {
                "phpnomad/tests": "^0.1.0"
            },
            "type": "library",
            "autoload": {
                "psr-4": {
                    "PHPNomad\\Loader\\": "lib/"
                }
            },
            "notification-url": "https://packagist.org/downloads/",
            "license": [
                "MIT"
            ],
            "authors": [
                {
                    "name": "Alex Standiford",
                    "email": "alex@standiford.us"
                }
            ],
            "homepage": "https://github.com/phpnomad/core",
            "support": {
                "issues": "https://github.com/phpnomad/loader/issues",
                "source": "https://github.com/phpnomad/loader/tree/1.0.0"
            },
            "time": "2024-12-18T16:20:14+00:00"
        },
        {
            "name": "phpnomad/mutator",
            "version": "1.0.0",
            "source": {
                "type": "git",
                "url": "https://github.com/phpnomad/mutator.git",
                "reference": "d1c2f8a845b5104442f52ef81c362bf5f4dc90b9"
            },
            "dist": {
                "type": "zip",
                "url": "https://api.github.com/repos/phpnomad/mutator/zipball/d1c2f8a845b5104442f52ef81c362bf5f4dc90b9",
                "reference": "d1c2f8a845b5104442f52ef81c362bf5f4dc90b9",
                "shasum": ""
            },
            "require-dev": {
                "phoenix/tests": "^0.1.0"
            },
            "type": "library",
            "autoload": {
                "psr-4": {
                    "PHPNomad\\Mutator\\": "lib/"
                }
            },
            "notification-url": "https://packagist.org/downloads/",
            "license": [
                "MIT"
            ],
            "authors": [
                {
                    "name": "Alex Standiford",
                    "email": "alex@standiford.us"
                }
            ],
            "homepage": "https://github.com/phoenix/core",
            "support": {
                "issues": "https://github.com/phpnomad/mutator/issues",
                "source": "https://github.com/phpnomad/mutator/tree/1.0.0"
            },
            "time": "2024-12-18T16:20:52+00:00"
        },
        {
            "name": "phpnomad/update",
            "version": "1.0.0",
            "source": {
                "type": "git",
                "url": "https://github.com/phpnomad/update.git",
                "reference": "a64dfef8e6ed874dab36fa9c2613555bf5ae27b6"
            },
            "dist": {
                "type": "zip",
                "url": "https://api.github.com/repos/phpnomad/update/zipball/a64dfef8e6ed874dab36fa9c2613555bf5ae27b6",
                "reference": "a64dfef8e6ed874dab36fa9c2613555bf5ae27b6",
                "shasum": ""
            },
            "require": {
                "phpnomad/event": "^1.0"
            },
            "require-dev": {
                "phpnomad/tests": "^0.1.0"
            },
            "type": "library",
            "autoload": {
                "psr-4": {
                    "PHPNomad\\Update\\": "lib/"
                }
            },
            "notification-url": "https://packagist.org/downloads/",
            "license": [
                "MIT"
            ],
            "authors": [
                {
                    "name": "Alex Standiford",
                    "email": "alex@standiford.us"
                }
            ],
            "homepage": "https://github.com/phpnomad/update",
            "support": {
                "issues": "https://github.com/phpnomad/update/issues",
                "source": "https://github.com/phpnomad/update/tree/1.0.0"
            },
            "time": "2024-12-18T16:24:44+00:00"
        },
        {
            "name": "phpnomad/utils",
            "version": "1.0.0",
            "source": {
                "type": "git",
                "url": "https://github.com/phpnomad/utils.git",
                "reference": "bf47baea7ca6d5245f789fc93396d01f2ae5cc34"
            },
            "dist": {
                "type": "zip",
                "url": "https://api.github.com/repos/phpnomad/utils/zipball/bf47baea7ca6d5245f789fc93396d01f2ae5cc34",
                "reference": "bf47baea7ca6d5245f789fc93396d01f2ae5cc34",
                "shasum": ""
            },
            "require-dev": {
                "phpnomad/tests": "^0.1.0"
            },
            "type": "library",
            "autoload": {
                "psr-4": {
                    "PHPNomad\\Utils\\": "lib/"
                }
            },
            "notification-url": "https://packagist.org/downloads/",
            "license": [
                "MIT"
            ],
            "authors": [
                {
                    "name": "Alex Standiford",
                    "email": "alex@standiford.us"
                }
            ],
            "homepage": "https://github.com/phpnomad/core",
            "support": {
                "issues": "https://github.com/phpnomad/utils/issues",
                "source": "https://github.com/phpnomad/utils/tree/1.0.0"
            },
            "time": "2024-12-18T16:24:57+00:00"
        }
    ],
    "packages-dev": [],
    "aliases": [],
    "minimum-stability": "dev",
    "stability-flags": {},
    "prefer-stable": true,
    "prefer-lowest": false,
    "platform": {},
    "platform-dev": {},
    "plugin-api-version": "2.6.0"
}
