{
    "_readme": [
        "This file locks the dependencies of your project to a known state",
        "Read more about it at https://getcomposer.org/doc/01-basic-usage.md#installing-dependencies",
        "This file is @generated automatically"
    ],
    "content-hash": "3109e1ecfc428852543fcef3cb9702fd",
    "packages": [
        {
            "name": "phpnomad/array-json-config",
            "version": "dev-main",
            "source": {
                "type": "git",
                "url": "https://github.com/phpnomad/array-json-config.git",
                "reference": "c0e0710f65746ddfc061d02f13f14630ed5a001c"
            },
            "dist": {
                "type": "zip",
                "url": "https://api.github.com/repos/phpnomad/array-json-config/zipball/c0e0710f65746ddfc061d02f13f14630ed5a001c",
                "reference": "c0e0710f65746ddfc061d02f13f14630ed5a001c",
                "shasum": ""
            },
            "require-dev": {
                "phoenix/tests": "^0.1.0"
            },
            "default-branch": true,
            "type": "library",
            "autoload": {
                "psr-4": {
                    "PHPNomad\\ArrayJsonConfig\\": "lib/"
                }
            },
            "autoload-dev": {
                "psr-4": {
                    "Phoenix\\Core\\Tests\\": "tests/"
                }
            },
            "scripts": {
                "php-cs-fixer": [
                    "php-cs-fixer fix"
                ]
            },
            "license": [
                "MIT"
            ],
            "authors": [
                {
                    "name": "Alex Standiford",
                    "email": "alex@standiford.us"
                }
            ],
            "homepage": "https://github.com/phoenix/core",
            "support": {
                "source": "https://github.com/phpnomad/array-json-config/tree/main",
                "issues": "https://github.com/phpnomad/array-json-config/issues"
            },
            "time": "2024-11-26T12:52:58+00:00"
        },
        {
            "name": "phpnomad/config",
            "version": "dev-main",
            "source": {
                "type": "git",
                "url": "https://github.com/phpnomad/config.git",
                "reference": "c03e197d1e9d008f2f2f5bd34c57b4e60d12a4fd"
            },
            "dist": {
                "type": "zip",
                "url": "https://api.github.com/repos/phpnomad/config/zipball/c03e197d1e9d008f2f2f5bd34c57b4e60d12a4fd",
                "reference": "c03e197d1e9d008f2f2f5bd34c57b4e60d12a4fd",
                "shasum": ""
            },
            "require-dev": {
                "phpnomad/tests": "^0.1.0"
            },
            "default-branch": true,
            "type": "library",
            "autoload": {
                "psr-4": {
                    "PHPNomad\\Config\\": "lib/"
                }
            },
            "autoload-dev": {
                "psr-4": {
                    "PHPNomad\\Core\\Tests\\": "tests/"
                }
            },
            "scripts": {
                "php-cs-fixer": [
                    "php-cs-fixer fix"
                ]
            },
            "license": [
                "MIT"
            ],
            "authors": [
                {
                    "name": "Alex Standiford",
                    "email": "alex@standiford.us"
                }
            ],
            "homepage": "https://github.com/phpnomad/core",
            "support": {
                "source": "https://github.com/phpnomad/config/tree/main",
                "issues": "https://github.com/phpnomad/config/issues"
            },
            "time": "2024-11-26T12:52:58+00:00"
        },
        {
            "name": "phpnomad/di",
            "version": "dev-main",
            "source": {
                "type": "git",
                "url": "https://github.com/phpnomad/di.git",
                "reference": "e1a8231395262d3339d6c5211222ede3796c04da"
            },
            "dist": {
                "type": "zip",
                "url": "https://api.github.com/repos/phpnomad/di/zipball/e1a8231395262d3339d6c5211222ede3796c04da",
                "reference": "e1a8231395262d3339d6c5211222ede3796c04da",
                "shasum": ""
            },
            "require-dev": {
                "phpnomad/tests": "^0.1.0",
                "phpnomad/utils": "dev-main"
            },
            "default-branch": true,
            "type": "library",
            "autoload": {
                "psr-4": {
                    "PHPNomad\\Di\\": "lib/"
                }
            },
            "autoload-dev": {
                "psr-4": {
                    "PHPNomad\\Di\\Tests\\": "tests/"
                }
            },
            "scripts": {
                "php-cs-fixer": [
                    "php-cs-fixer fix"
                ]
            },
            "license": [
                "MIT"
            ],
            "authors": [
                {
                    "name": "Alex Standiford",
                    "email": "alex@standiford.us"
                }
            ],
            "homepage": "https://github.com/phpnomad/core",
            "support": {
                "source": "https://github.com/phpnomad/di/tree/main",
                "issues": "https://github.com/phpnomad/di/issues"
            },
            "time": "2024-11-26T14:38:32+00:00"
        },
        {
            "name": "phpnomad/event",
            "version": "dev-main",
            "source": {
                "type": "git",
                "url": "https://github.com/phpnomad/event.git",
                "reference": "0a4532cb251eb2b5c303b6548d4d169d1eb2ebde"
            },
            "dist": {
                "type": "zip",
                "url": "https://api.github.com/repos/phpnomad/event/zipball/0a4532cb251eb2b5c303b6548d4d169d1eb2ebde",
                "reference": "0a4532cb251eb2b5c303b6548d4d169d1eb2ebde",
                "shasum": ""
            },
            "require-dev": {
                "phpnomad/tests": "^0.1.0"
            },
            "default-branch": true,
            "type": "library",
            "autoload": {
                "psr-4": {
                    "PHPNomad\\Events\\": "lib/"
                }
            },
            "autoload-dev": {
                "psr-4": {
                    "PHPNomad\\Events\\Tests\\": "tests/"
                }
            },
            "scripts": {
                "php-cs-fixer": [
                    "php-cs-fixer fix"
                ]
            },
            "license": [
                "MIT"
            ],
            "authors": [
                {
                    "name": "Alex Standiford",
                    "email": "alex@standiford.us"
                }
            ],
            "homepage": "https://github.com/phpnomad/core",
            "support": {
                "source": "https://github.com/phpnomad/event/tree/feature/lifterlms-integration",
                "issues": "https://github.com/phpnomad/event/issues"
            },
            "time": "2024-01-31T15:48:16+00:00"
        },
        {
            "name": "phpnomad/facade",
            "version": "dev-main",
            "source": {
                "type": "git",
                "url": "https://github.com/phpnomad/facade.git",
                "reference": "d8160e8047fa8061caa54da430c5a2f7afd369b4"
            },
            "dist": {
                "type": "zip",
                "url": "https://api.github.com/repos/phpnomad/facade/zipball/d8160e8047fa8061caa54da430c5a2f7afd369b4",
                "reference": "d8160e8047fa8061caa54da430c5a2f7afd369b4",
                "shasum": ""
            },
            "require-dev": {
                "phpnomad/di": "dev-main",
                "phpnomad/logger": "dev-main",
                "phpnomad/tests": "^0.1.0"
            },
            "default-branch": true,
            "type": "library",
            "autoload": {
                "psr-4": {
                    "PHPNomad\\Facade\\": "lib/"
                }
            },
            "autoload-dev": {
                "psr-4": {
                    "PHPNomad\\Facade\\Tests\\": "tests/"
                }
            },
            "scripts": {
                "php-cs-fixer": [
                    "php-cs-fixer fix"
                ]
            },
            "license": [
                "MIT"
            ],
            "authors": [
                {
                    "name": "Alex Standiford",
                    "email": "alex@standiford.us"
                }
            ],
            "homepage": "https://github.com/phpnomad/core",
            "support": {
                "source": "https://github.com/phpnomad/facade/tree/feature/lifterlms-integration",
                "issues": "https://github.com/phpnomad/facade/issues"
            },
            "time": "2023-10-30T10:56:02+00:00"
        },
        {
            "name": "phpnomad/loader",
            "version": "dev-main",
            "source": {
                "type": "git",
                "url": "https://github.com/phpnomad/loader.git",
                "reference": "dbf83a996836542e9f861545d4f699627bc2d32b"
            },
            "dist": {
                "type": "zip",
                "url": "https://api.github.com/repos/phpnomad/loader/zipball/dbf83a996836542e9f861545d4f699627bc2d32b",
                "reference": "dbf83a996836542e9f861545d4f699627bc2d32b",
                "shasum": ""
            },
            "require": {
                "phpnomad/di": "dev-main",
                "phpnomad/facade": "dev-main",
                "phpnomad/mutator": "dev-main",
                "phpnomad/update": "dev-main",
                "phpnomad/utils": "dev-main"
            },
            "require-dev": {
                "phpnomad/tests": "^0.1.0"
            },
            "default-branch": true,
            "type": "library",
            "autoload": {
                "psr-4": {
                    "PHPNomad\\Loader\\": "lib/"
                }
            },
            "autoload-dev": {
                "psr-4": {
                    "PHPNomad\\Loader\\Tests\\": "tests/"
                }
            },
            "scripts": {
                "php-cs-fixer": [
                    "php-cs-fixer fix"
                ]
            },
            "license": [
                "MIT"
            ],
            "authors": [
                {
                    "name": "Alex Standiford",
                    "email": "alex@standiford.us"
                }
            ],
            "homepage": "https://github.com/phpnomad/core",
            "support": {
                "source": "https://github.com/phpnomad/loader/tree/main",
                "issues": "https://github.com/phpnomad/loader/issues"
            },
            "time": "2024-09-28T16:13:54+00:00"
        },
        {
            "name": "phpnomad/mutator",
            "version": "dev-main",
            "source": {
                "type": "git",
                "url": "https://github.com/phpnomad/mutator.git",
                "reference": "ff82b88e53ea1e4bb217a7b16c433729d024dec5"
            },
            "dist": {
                "type": "zip",
                "url": "https://api.github.com/repos/phpnomad/mutator/zipball/ff82b88e53ea1e4bb217a7b16c433729d024dec5",
                "reference": "ff82b88e53ea1e4bb217a7b16c433729d024dec5",
                "shasum": ""
            },
            "require-dev": {
                "phoenix/tests": "^0.1.0"
            },
            "default-branch": true,
            "type": "library",
            "autoload": {
                "psr-4": {
                    "PHPNomad\\Mutator\\": "lib/"
                }
            },
            "autoload-dev": {
                "psr-4": {
                    "PHPNomad\\Mutator\\Tests\\": "tests/"
                }
            },
            "scripts": {
                "php-cs-fixer": [
                    "php-cs-fixer fix"
                ]
            },
            "license": [
                "MIT"
            ],
            "authors": [
                {
                    "name": "Alex Standiford",
                    "email": "alex@standiford.us"
                }
            ],
            "homepage": "https://github.com/phoenix/core",
            "support": {
                "source": "https://github.com/phpnomad/mutator/tree/feature/lifterlms-integration",
                "issues": "https://github.com/phpnomad/mutator/issues"
            },
            "time": "2023-11-18T19:10:00+00:00"
        },
        {
            "name": "phpnomad/update",
            "version": "dev-main",
            "source": {
                "type": "git",
                "url": "https://github.com/phpnomad/update.git",
                "reference": "d6065fc52aec9748042e0355f21289c79c540750"
            },
            "dist": {
                "type": "zip",
                "url": "https://api.github.com/repos/phpnomad/update/zipball/d6065fc52aec9748042e0355f21289c79c540750",
                "reference": "d6065fc52aec9748042e0355f21289c79c540750",
                "shasum": ""
            },
            "require": {
                "phpnomad/event": "dev-main"
            },
            "require-dev": {
                "phpnomad/tests": "^0.1.0"
            },
            "default-branch": true,
            "type": "library",
            "autoload": {
                "psr-4": {
                    "PHPNomad\\Update\\": "lib/"
                }
            },
            "autoload-dev": {
                "psr-4": {
                    "PHPNomad\\Update\\Tests\\": "tests/"
                }
            },
            "scripts": {
                "php-cs-fixer": [
                    "php-cs-fixer fix"
                ]
            },
            "license": [
                "MIT"
            ],
            "authors": [
                {
                    "name": "Alex Standiford",
                    "email": "alex@standiford.us"
                }
            ],
            "homepage": "https://github.com/phpnomad/update",
            "support": {
                "source": "https://github.com/phpnomad/update/tree/main",
                "issues": "https://github.com/phpnomad/update/issues"
            },
            "time": "2024-08-17T00:07:07+00:00"
        },
        {
            "name": "phpnomad/utils",
            "version": "dev-main",
            "source": {
                "type": "git",
                "url": "https://github.com/phpnomad/utils.git",
                "reference": "e52c2d9885cc9c9ee052a5c66f9b77589fba911d"
            },
            "dist": {
                "type": "zip",
                "url": "https://api.github.com/repos/phpnomad/utils/zipball/e52c2d9885cc9c9ee052a5c66f9b77589fba911d",
                "reference": "e52c2d9885cc9c9ee052a5c66f9b77589fba911d",
                "shasum": ""
            },
            "require-dev": {
                "phpnomad/tests": "^0.1.0"
            },
            "default-branch": true,
            "type": "library",
            "autoload": {
                "psr-4": {
                    "PHPNomad\\Utils\\": "lib/"
                }
            },
            "autoload-dev": {
                "psr-4": {
                    "PHPNomad\\Utils\\Tests\\": "tests/"
                }
            },
            "scripts": {
                "php-cs-fixer": [
                    "php-cs-fixer fix"
                ]
            },
            "license": [
                "MIT"
            ],
            "authors": [
                {
                    "name": "Alex Standiford",
                    "email": "alex@standiford.us"
                }
            ],
            "homepage": "https://github.com/phpnomad/core",
            "support": {
                "source": "https://github.com/phpnomad/utils/tree/main",
                "issues": "https://github.com/phpnomad/utils/issues"
            },
            "time": "2024-08-19T01:53:35+00:00"
        }
    ],
    "packages-dev": [],
    "aliases": [],
    "minimum-stability": "dev",
    "stability-flags": {
        "phpnomad/array-json-config": 20,
        "phpnomad/config": 20,
        "phpnomad/di": 20,
        "phpnomad/loader": 20
    },
    "prefer-stable": true,
    "prefer-lowest": false,
    "platform": {},
    "platform-dev": {},
    "plugin-api-version": "2.6.0"
}
